NeoBundleLock ctrlp.vim 7fa89fec125ce60a341f7c37dd769a8a31c49359
NeoBundleLock neco-look 86a5e98d02dc3a96e42e41921cae3f153db0edfa
NeoBundleLock neobundle.vim 88951d60547595606ea0ca8f28f643d2506f2714
NeoBundleLock neocomplete.vim 9617d825c0d4acdb18aec903e9c1c0443058d18b
NeoBundleLock neosnippet-snippets 4431bf176650696d5a8dd93814812afd0d06212c
NeoBundleLock neosnippet.vim 13c51ee885216619ab2dcd1a2c3790b83f85f27c
NeoBundleLock nerdtree 281701021c5001332a862da80175bf585d24e2e8
NeoBundleLock vim-colorschemes b8dff40f69f1873effbed97c759a8452ecb240ed
NeoBundleLock vim-fugitive b754bc2031f21a532c083dd0d072ba373bbe3a37
NeoBundleLock vim-nodejs-complete 1e2f98f4366c6dec27fa8df72971fa9fa33e9f07
NeoBundleLock vim-quickrun 95da1f83c4a1988a3808492e2b2e169ed408d3e2
NeoBundleLock vimshell 3787e52766812d8b99a93ccdda57517bc2a0bab6
